// !$*UTF8*$!
{
	archiveVersion = 1;
	classes = {
	};
	objectVersion = 46;
	objects = {

/* Begin PBXBuildFile section */
		4CA10F741E80366800D74189 /* Exam3.swift in Sources */ = {isa = PBXBuildFile; fileRef = 4CA10F721E80366800D74189 /* Exam3.swift */; };
		4CA10F751E80366800D74189 /* Exam3.xib in Resources */ = {isa = PBXBuildFile; fileRef = 4CA10F731E80366800D74189 /* Exam3.xib */; };
		4CA10F781E80372300D74189 /* Exam4.swift in Sources */ = {isa = PBXBuildFile; fileRef = 4CA10F761E80372300D74189 /* Exam4.swift */; };
		4CA10F791E80372300D74189 /* Exam4.xib in Resources */ = {isa = PBXBuildFile; fileRef = 4CA10F771E80372300D74189 /* Exam4.xib */; };
		77356DCF1E7F80FC0032E9DE /* AppDelegate.swift in Sources */ = {isa = PBXBuildFile; fileRef = 77356DCE1E7F80FC0032E9DE /* AppDelegate.swift */; };
		77356DD61E7F80FC0032E9DE /* Assets.xcassets in Resources */ = {isa = PBXBuildFile; fileRef = 77356DD51E7F80FC0032E9DE /* Assets.xcassets */; };
		77356DD91E7F80FC0032E9DE /* LaunchScreen.storyboard in Resources */ = {isa = PBXBuildFile; fileRef = 77356DD71E7F80FC0032E9DE /* LaunchScreen.storyboard */; };
		77356DE41E7FA5440032E9DE /* Exam2.swift in Sources */ = {isa = PBXBuildFile; fileRef = 77356DE21E7FA5440032E9DE /* Exam2.swift */; };
		77356DE51E7FA5440032E9DE /* Exam2.xib in Resources */ = {isa = PBXBuildFile; fileRef = 77356DE31E7FA5440032E9DE /* Exam2.xib */; };
		77356DE81E7FA7A60032E9DE /* RootViewController.swift in Sources */ = {isa = PBXBuildFile; fileRef = 77356DE61E7FA7A60032E9DE /* RootViewController.swift */; };
		77356DE91E7FA7A60032E9DE /* RootViewController.xib in Resources */ = {isa = PBXBuildFile; fileRef = 77356DE71E7FA7A60032E9DE /* RootViewController.xib */; };
		77356DEC1E7FA8410032E9DE /* Exam1.swift in Sources */ = {isa = PBXBuildFile; fileRef = 77356DEA1E7FA8410032E9DE /* Exam1.swift */; };
		77356DED1E7FA8410032E9DE /* Exam1.xib in Resources */ = {isa = PBXBuildFile; fileRef = 77356DEB1E7FA8410032E9DE /* Exam1.xib */; };
		773818811E8204EB00EBF5E2 /* Exam6Cell.swift in Sources */ = {isa = PBXBuildFile; fileRef = 7738187F1E8204EB00EBF5E2 /* Exam6Cell.swift */; };
		773818821E8204EB00EBF5E2 /* Exam6Cell.xib in Resources */ = {isa = PBXBuildFile; fileRef = 773818801E8204EB00EBF5E2 /* Exam6Cell.xib */; };
		773818861E8212C800EBF5E2 /* Exam7.swift in Sources */ = {isa = PBXBuildFile; fileRef = 773818841E8212C800EBF5E2 /* Exam7.swift */; };
		773818871E8212C800EBF5E2 /* Exam7.xib in Resources */ = {isa = PBXBuildFile; fileRef = 773818851E8212C800EBF5E2 /* Exam7.xib */; };
		7738188A1E8212E100EBF5E2 /* AddAVResultViewController.swift in Sources */ = {isa = PBXBuildFile; fileRef = 773818881E8212E100EBF5E2 /* AddAVResultViewController.swift */; };
		7738188B1E8212E100EBF5E2 /* AddAVResultViewController.xib in Resources */ = {isa = PBXBuildFile; fileRef = 773818891E8212E100EBF5E2 /* AddAVResultViewController.xib */; };
		7738188E1E82130A00EBF5E2 /* TrainingExe.xcdatamodeld in Sources */ = {isa = PBXBuildFile; fileRef = 7738188C1E82130A00EBF5E2 /* TrainingExe.xcdatamodeld */; };
		773818B61E82364100EBF5E2 /* Exam8.swift in Sources */ = {isa = PBXBuildFile; fileRef = 773818B41E82364100EBF5E2 /* Exam8.swift */; };
		773818B71E82364100EBF5E2 /* Exam8.xib in Resources */ = {isa = PBXBuildFile; fileRef = 773818B51E82364100EBF5E2 /* Exam8.xib */; };
		773818B91E8238DE00EBF5E2 /* Songs.swift in Sources */ = {isa = PBXBuildFile; fileRef = 773818B81E8238DE00EBF5E2 /* Songs.swift */; };
		773818BC1E823C5A00EBF5E2 /* Exam8Cell.swift in Sources */ = {isa = PBXBuildFile; fileRef = 773818BA1E823C5A00EBF5E2 /* Exam8Cell.swift */; };
		773818BD1E823C5A00EBF5E2 /* Exam8Cell.xib in Resources */ = {isa = PBXBuildFile; fileRef = 773818BB1E823C5A00EBF5E2 /* Exam8Cell.xib */; };
		77C8E2BC1E8260E400C1DCB4 /* Exam8Service.swift in Sources */ = {isa = PBXBuildFile; fileRef = 77C8E2BB1E8260E400C1DCB4 /* Exam8Service.swift */; };
		77C8E2CA1E826F6500C1DCB4 /* Alamofire.framework in Frameworks */ = {isa = PBXBuildFile; fileRef = 77C8E2C91E826F6500C1DCB4 /* Alamofire.framework */; };
		77C8E2CC1E826F6A00C1DCB4 /* Alamofire.framework in Embed Frameworks */ = {isa = PBXBuildFile; fileRef = 77C8E2C91E826F6500C1DCB4 /* Alamofire.framework */; settings = {ATTRIBUTES = (CodeSignOnCopy, RemoveHeadersOnCopy, ); }; };
		77FA020B1E80B6070032E955 /* back@2x.png in Resources */ = {isa = PBXBuildFile; fileRef = 77FA02091E80B6070032E955 /* back@2x.png */; };
		77FA020F1E80B7280032E955 /* radio-not-selected@2x.png in Resources */ = {isa = PBXBuildFile; fileRef = 77FA020D1E80B7280032E955 /* radio-not-selected@2x.png */; };
		77FA02101E80B7280032E955 /* radio-selected@2x.png in Resources */ = {isa = PBXBuildFile; fileRef = 77FA020E1E80B7280032E955 /* radio-selected@2x.png */; };
		77FA02121E80BAF90032E955 /* Exam3Containner.swift in Sources */ = {isa = PBXBuildFile; fileRef = 77FA02111E80BAF90032E955 /* Exam3Containner.swift */; };
		77FA02151E80BB140032E955 /* Exam3Tab2.swift in Sources */ = {isa = PBXBuildFile; fileRef = 77FA02131E80BB140032E955 /* Exam3Tab2.swift */; };
		77FA02161E80BB140032E955 /* Exam3Tab2.xib in Resources */ = {isa = PBXBuildFile; fileRef = 77FA02141E80BB140032E955 /* Exam3Tab2.xib */; };
		77FA02191E80D7D30032E955 /* Exam3Tab3.swift in Sources */ = {isa = PBXBuildFile; fileRef = 77FA02171E80D7D30032E955 /* Exam3Tab3.swift */; };
		77FA021A1E80D7D30032E955 /* Exam3Tab3.xib in Resources */ = {isa = PBXBuildFile; fileRef = 77FA02181E80D7D30032E955 /* Exam3Tab3.xib */; };
		77FA021D1E80D9810032E955 /* Exam3Cell.swift in Sources */ = {isa = PBXBuildFile; fileRef = 77FA021B1E80D9810032E955 /* Exam3Cell.swift */; };
		77FA021E1E80D9810032E955 /* Exam3Cell.xib in Resources */ = {isa = PBXBuildFile; fileRef = 77FA021C1E80D9810032E955 /* Exam3Cell.xib */; };
		77FA02201E80E4380032E955 /* Exam3Model.swift in Sources */ = {isa = PBXBuildFile; fileRef = 77FA021F1E80E4380032E955 /* Exam3Model.swift */; };
		77FA02271E80E6D50032E955 /* ca-hoi@2x.jpg in Resources */ = {isa = PBXBuildFile; fileRef = 77FA02231E80E6D50032E955 /* ca-hoi@2x.jpg */; };
		77FA02281E80E6D50032E955 /* pizza@2x.jpg in Resources */ = {isa = PBXBuildFile; fileRef = 77FA02241E80E6D50032E955 /* pizza@2x.jpg */; };
		77FA02291E80E6D50032E955 /* hamberger@2x.jpeg in Resources */ = {isa = PBXBuildFile; fileRef = 77FA02251E80E6D50032E955 /* hamberger@2x.jpeg */; };
		77FA022A1E80E6D50032E955 /* khoai-tay@2x.jpg in Resources */ = {isa = PBXBuildFile; fileRef = 77FA02261E80E6D50032E955 /* khoai-tay@2x.jpg */; };
		77FA02311E80E8BE0032E955 /* 0star@2x.png in Resources */ = {isa = PBXBuildFile; fileRef = 77FA022B1E80E8BE0032E955 /* 0star@2x.png */; };
		77FA02321E80E8BE0032E955 /* 1star@2x.png in Resources */ = {isa = PBXBuildFile; fileRef = 77FA022C1E80E8BE0032E955 /* 1star@2x.png */; };
		77FA02331E80E8BE0032E955 /* 2star@2x.png in Resources */ = {isa = PBXBuildFile; fileRef = 77FA022D1E80E8BE0032E955 /* 2star@2x.png */; };
		77FA02341E80E8BE0032E955 /* 3star@2x.png in Resources */ = {isa = PBXBuildFile; fileRef = 77FA022E1E80E8BE0032E955 /* 3star@2x.png */; };
		77FA02351E80E8BE0032E955 /* 4star@2x.png in Resources */ = {isa = PBXBuildFile; fileRef = 77FA022F1E80E8BE0032E955 /* 4star@2x.png */; };
		77FA02361E80E8BE0032E955 /* 5star@2x.png in Resources */ = {isa = PBXBuildFile; fileRef = 77FA02301E80E8BE0032E955 /* 5star@2x.png */; };
		77FA023F1E81006F0032E955 /* AVResultModel.swift in Sources */ = {isa = PBXBuildFile; fileRef = 77FA023E1E81006F0032E955 /* AVResultModel.swift */; };
		77FA02421E8103550032E955 /* Exam4Cell.swift in Sources */ = {isa = PBXBuildFile; fileRef = 77FA02401E8103550032E955 /* Exam4Cell.swift */; };
		77FA02431E8103550032E955 /* Exam4Cell.xib in Resources */ = {isa = PBXBuildFile; fileRef = 77FA02411E8103550032E955 /* Exam4Cell.xib */; };
		77FA02451E8104840032E955 /* right-arrow@2x.png in Resources */ = {isa = PBXBuildFile; fileRef = 77FA02441E8104840032E955 /* right-arrow@2x.png */; };
		77FA02471E810D9B0032E955 /* video-icon@2x.png in Resources */ = {isa = PBXBuildFile; fileRef = 77FA02461E810D9B0032E955 /* video-icon@2x.png */; };
		77FA024B1E811C300032E955 /* DetailExam4.swift in Sources */ = {isa = PBXBuildFile; fileRef = 77FA02491E811C300032E955 /* DetailExam4.swift */; };
		77FA024C1E811C300032E955 /* DetailExam4.xib in Resources */ = {isa = PBXBuildFile; fileRef = 77FA024A1E811C300032E955 /* DetailExam4.xib */; };
		77FA02501E81241F0032E955 /* Exam6.swift in Sources */ = {isa = PBXBuildFile; fileRef = 77FA024E1E81241F0032E955 /* Exam6.swift */; };
		77FA02511E81241F0032E955 /* Exam6.xib in Resources */ = {isa = PBXBuildFile; fileRef = 77FA024F1E81241F0032E955 /* Exam6.xib */; };
		77FA02551E8126C50032E955 /* poke3@2x.png in Resources */ = {isa = PBXBuildFile; fileRef = 77FA02521E8126C50032E955 /* poke3@2x.png */; };
		77FA02561E8126C50032E955 /* poke2@2x.jpg in Resources */ = {isa = PBXBuildFile; fileRef = 77FA02531E8126C50032E955 /* poke2@2x.jpg */; };
		77FA02571E8126C50032E955 /* poke1@2x.png in Resources */ = {isa = PBXBuildFile; fileRef = 77FA02541E8126C50032E955 /* poke1@2x.png */; };
		77FA025A1E81271F0032E955 /* poke4@2x.png in Resources */ = {isa = PBXBuildFile; fileRef = 77FA02581E81271F0032E955 /* poke4@2x.png */; };
		77FA025B1E81271F0032E955 /* poke5@2x.png in Resources */ = {isa = PBXBuildFile; fileRef = 77FA02591E81271F0032E955 /* poke5@2x.png */; };
		77FA025D1E8128460032E955 /* poke@2x.jpg in Resources */ = {isa = PBXBuildFile; fileRef = 77FA025C1E8128460032E955 /* poke@2x.jpg */; };
/* End PBXBuildFile section */

/* Begin PBXCopyFilesBuildPhase section */
		77C8E2C21E826D7E00C1DCB4 /* Embed Frameworks */ = {
			isa = PBXCopyFilesBuildPhase;
			buildActionMask = 2147483647;
			dstPath = "";
			dstSubfolderSpec = 10;
			files = (
				77C8E2CC1E826F6A00C1DCB4 /* Alamofire.framework in Embed Frameworks */,
			);
			name = "Embed Frameworks";
			runOnlyForDeploymentPostprocessing = 0;
		};
/* End PBXCopyFilesBuildPhase section */

/* Begin PBXFileReference section */
		4CA10F721E80366800D74189 /* Exam3.swift */ = {isa = PBXFileReference; fileEncoding = 4; lastKnownFileType = sourcecode.swift; path = Exam3.swift; sourceTree = "<group>"; };
		4CA10F731E80366800D74189 /* Exam3.xib */ = {isa = PBXFileReference; fileEncoding = 4; lastKnownFileType = file.xib; path = Exam3.xib; sourceTree = "<group>"; };
		4CA10F761E80372300D74189 /* Exam4.swift */ = {isa = PBXFileReference; fileEncoding = 4; lastKnownFileType = sourcecode.swift; path = Exam4.swift; sourceTree = "<group>"; };
		4CA10F771E80372300D74189 /* Exam4.xib */ = {isa = PBXFileReference; fileEncoding = 4; lastKnownFileType = file.xib; path = Exam4.xib; sourceTree = "<group>"; };
		77356DCB1E7F80FC0032E9DE /* TrainingExe1.app */ = {isa = PBXFileReference; explicitFileType = wrapper.application; includeInIndex = 0; path = TrainingExe1.app; sourceTree = BUILT_PRODUCTS_DIR; };
		77356DCE1E7F80FC0032E9DE /* AppDelegate.swift */ = {isa = PBXFileReference; lastKnownFileType = sourcecode.swift; path = AppDelegate.swift; sourceTree = "<group>"; };
		77356DD51E7F80FC0032E9DE /* Assets.xcassets */ = {isa = PBXFileReference; lastKnownFileType = folder.assetcatalog; path = Assets.xcassets; sourceTree = "<group>"; };
		77356DD81E7F80FC0032E9DE /* Base */ = {isa = PBXFileReference; lastKnownFileType = file.storyboard; name = Base; path = Base.lproj/LaunchScreen.storyboard; sourceTree = "<group>"; };
		77356DDA1E7F80FC0032E9DE /* Info.plist */ = {isa = PBXFileReference; lastKnownFileType = text.plist.xml; path = Info.plist; sourceTree = "<group>"; };
		77356DE21E7FA5440032E9DE /* Exam2.swift */ = {isa = PBXFileReference; fileEncoding = 4; lastKnownFileType = sourcecode.swift; path = Exam2.swift; sourceTree = "<group>"; };
		77356DE31E7FA5440032E9DE /* Exam2.xib */ = {isa = PBXFileReference; fileEncoding = 4; lastKnownFileType = file.xib; path = Exam2.xib; sourceTree = "<group>"; };
		77356DE61E7FA7A60032E9DE /* RootViewController.swift */ = {isa = PBXFileReference; fileEncoding = 4; lastKnownFileType = sourcecode.swift; path = RootViewController.swift; sourceTree = "<group>"; };
		77356DE71E7FA7A60032E9DE /* RootViewController.xib */ = {isa = PBXFileReference; fileEncoding = 4; lastKnownFileType = file.xib; path = RootViewController.xib; sourceTree = "<group>"; };
		77356DEA1E7FA8410032E9DE /* Exam1.swift */ = {isa = PBXFileReference; fileEncoding = 4; lastKnownFileType = sourcecode.swift; path = Exam1.swift; sourceTree = "<group>"; };
		77356DEB1E7FA8410032E9DE /* Exam1.xib */ = {isa = PBXFileReference; fileEncoding = 4; lastKnownFileType = file.xib; path = Exam1.xib; sourceTree = "<group>"; };
		7738187F1E8204EB00EBF5E2 /* Exam6Cell.swift */ = {isa = PBXFileReference; fileEncoding = 4; lastKnownFileType = sourcecode.swift; path = Exam6Cell.swift; sourceTree = "<group>"; };
		773818801E8204EB00EBF5E2 /* Exam6Cell.xib */ = {isa = PBXFileReference; fileEncoding = 4; lastKnownFileType = file.xib; path = Exam6Cell.xib; sourceTree = "<group>"; };
		773818841E8212C800EBF5E2 /* Exam7.swift */ = {isa = PBXFileReference; fileEncoding = 4; lastKnownFileType = sourcecode.swift; path = Exam7.swift; sourceTree = "<group>"; };
		773818851E8212C800EBF5E2 /* Exam7.xib */ = {isa = PBXFileReference; fileEncoding = 4; lastKnownFileType = file.xib; path = Exam7.xib; sourceTree = "<group>"; };
		773818881E8212E100EBF5E2 /* AddAVResultViewController.swift */ = {isa = PBXFileReference; fileEncoding = 4; lastKnownFileType = sourcecode.swift; path = AddAVResultViewController.swift; sourceTree = "<group>"; };
		773818891E8212E100EBF5E2 /* AddAVResultViewController.xib */ = {isa = PBXFileReference; fileEncoding = 4; lastKnownFileType = file.xib; path = AddAVResultViewController.xib; sourceTree = "<group>"; };
		7738188D1E82130A00EBF5E2 /* TrainingExe.xcdatamodel */ = {isa = PBXFileReference; lastKnownFileType = wrapper.xcdatamodel; path = TrainingExe.xcdatamodel; sourceTree = "<group>"; };
		773818B41E82364100EBF5E2 /* Exam8.swift */ = {isa = PBXFileReference; fileEncoding = 4; lastKnownFileType = sourcecode.swift; path = Exam8.swift; sourceTree = "<group>"; };
		773818B51E82364100EBF5E2 /* Exam8.xib */ = {isa = PBXFileReference; fileEncoding = 4; lastKnownFileType = file.xib; path = Exam8.xib; sourceTree = "<group>"; };
		773818B81E8238DE00EBF5E2 /* Songs.swift */ = {isa = PBXFileReference; fileEncoding = 4; lastKnownFileType = sourcecode.swift; path = Songs.swift; sourceTree = "<group>"; };
		773818BA1E823C5A00EBF5E2 /* Exam8Cell.swift */ = {isa = PBXFileReference; fileEncoding = 4; lastKnownFileType = sourcecode.swift; path = Exam8Cell.swift; sourceTree = "<group>"; };
		773818BB1E823C5A00EBF5E2 /* Exam8Cell.xib */ = {isa = PBXFileReference; fileEncoding = 4; lastKnownFileType = file.xib; path = Exam8Cell.xib; sourceTree = "<group>"; };
		77C8E2BB1E8260E400C1DCB4 /* Exam8Service.swift */ = {isa = PBXFileReference; fileEncoding = 4; lastKnownFileType = sourcecode.swift; path = Exam8Service.swift; sourceTree = "<group>"; };
		77C8E2C91E826F6500C1DCB4 /* Alamofire.framework */ = {isa = PBXFileReference; lastKnownFileType = wrapper.framework; name = Alamofire.framework; path = TrainingExe1/Alamofire.framework; sourceTree = "<group>"; };
		77FA02091E80B6070032E955 /* back@2x.png */ = {isa = PBXFileReference; lastKnownFileType = image.png; path = "back@2x.png"; sourceTree = "<group>"; };
		77FA020D1E80B7280032E955 /* radio-not-selected@2x.png */ = {isa = PBXFileReference; lastKnownFileType = image.png; path = "radio-not-selected@2x.png"; sourceTree = "<group>"; };
		77FA020E1E80B7280032E955 /* radio-selected@2x.png */ = {isa = PBXFileReference; lastKnownFileType = image.png; path = "radio-selected@2x.png"; sourceTree = "<group>"; };
		77FA02111E80BAF90032E955 /* Exam3Containner.swift */ = {isa = PBXFileReference; fileEncoding = 4; lastKnownFileType = sourcecode.swift; path = Exam3Containner.swift; sourceTree = "<group>"; };
		77FA02131E80BB140032E955 /* Exam3Tab2.swift */ = {isa = PBXFileReference; fileEncoding = 4; lastKnownFileType = sourcecode.swift; path = Exam3Tab2.swift; sourceTree = "<group>"; };
		77FA02141E80BB140032E955 /* Exam3Tab2.xib */ = {isa = PBXFileReference; fileEncoding = 4; lastKnownFileType = file.xib; path = Exam3Tab2.xib; sourceTree = "<group>"; };
		77FA02171E80D7D30032E955 /* Exam3Tab3.swift */ = {isa = PBXFileReference; fileEncoding = 4; lastKnownFileType = sourcecode.swift; path = Exam3Tab3.swift; sourceTree = "<group>"; };
		77FA02181E80D7D30032E955 /* Exam3Tab3.xib */ = {isa = PBXFileReference; fileEncoding = 4; lastKnownFileType = file.xib; path = Exam3Tab3.xib; sourceTree = "<group>"; };
		77FA021B1E80D9810032E955 /* Exam3Cell.swift */ = {isa = PBXFileReference; fileEncoding = 4; lastKnownFileType = sourcecode.swift; path = Exam3Cell.swift; sourceTree = "<group>"; };
		77FA021C1E80D9810032E955 /* Exam3Cell.xib */ = {isa = PBXFileReference; fileEncoding = 4; lastKnownFileType = file.xib; path = Exam3Cell.xib; sourceTree = "<group>"; };
		77FA021F1E80E4380032E955 /* Exam3Model.swift */ = {isa = PBXFileReference; fileEncoding = 4; lastKnownFileType = sourcecode.swift; path = Exam3Model.swift; sourceTree = "<group>"; };
		77FA02231E80E6D50032E955 /* ca-hoi@2x.jpg */ = {isa = PBXFileReference; lastKnownFileType = image.jpeg; path = "ca-hoi@2x.jpg"; sourceTree = "<group>"; };
		77FA02241E80E6D50032E955 /* pizza@2x.jpg */ = {isa = PBXFileReference; lastKnownFileType = image.jpeg; path = "pizza@2x.jpg"; sourceTree = "<group>"; };
		77FA02251E80E6D50032E955 /* hamberger@2x.jpeg */ = {isa = PBXFileReference; lastKnownFileType = image.jpeg; path = "hamberger@2x.jpeg"; sourceTree = "<group>"; };
		77FA02261E80E6D50032E955 /* khoai-tay@2x.jpg */ = {isa = PBXFileReference; lastKnownFileType = image.jpeg; path = "khoai-tay@2x.jpg"; sourceTree = "<group>"; };
		77FA022B1E80E8BE0032E955 /* 0star@2x.png */ = {isa = PBXFileReference; lastKnownFileType = image.png; path = "0star@2x.png"; sourceTree = "<group>"; };
		77FA022C1E80E8BE0032E955 /* 1star@2x.png */ = {isa = PBXFileReference; lastKnownFileType = image.png; path = "1star@2x.png"; sourceTree = "<group>"; };
		77FA022D1E80E8BE0032E955 /* 2star@2x.png */ = {isa = PBXFileReference; lastKnownFileType = image.png; path = "2star@2x.png"; sourceTree = "<group>"; };
		77FA022E1E80E8BE0032E955 /* 3star@2x.png */ = {isa = PBXFileReference; lastKnownFileType = image.png; path = "3star@2x.png"; sourceTree = "<group>"; };
		77FA022F1E80E8BE0032E955 /* 4star@2x.png */ = {isa = PBXFileReference; lastKnownFileType = image.png; path = "4star@2x.png"; sourceTree = "<group>"; };
		77FA02301E80E8BE0032E955 /* 5star@2x.png */ = {isa = PBXFileReference; lastKnownFileType = image.png; path = "5star@2x.png"; sourceTree = "<group>"; };
		77FA023E1E81006F0032E955 /* AVResultModel.swift */ = {isa = PBXFileReference; fileEncoding = 4; lastKnownFileType = sourcecode.swift; path = AVResultModel.swift; sourceTree = "<group>"; };
		77FA02401E8103550032E955 /* Exam4Cell.swift */ = {isa = PBXFileReference; fileEncoding = 4; lastKnownFileType = sourcecode.swift; path = Exam4Cell.swift; sourceTree = "<group>"; };
		77FA02411E8103550032E955 /* Exam4Cell.xib */ = {isa = PBXFileReference; fileEncoding = 4; lastKnownFileType = file.xib; path = Exam4Cell.xib; sourceTree = "<group>"; };
		77FA02441E8104840032E955 /* right-arrow@2x.png */ = {isa = PBXFileReference; lastKnownFileType = image.png; path = "right-arrow@2x.png"; sourceTree = "<group>"; };
		77FA02461E810D9B0032E955 /* video-icon@2x.png */ = {isa = PBXFileReference; lastKnownFileType = image.png; path = "video-icon@2x.png"; sourceTree = "<group>"; };
		77FA02491E811C300032E955 /* DetailExam4.swift */ = {isa = PBXFileReference; fileEncoding = 4; lastKnownFileType = sourcecode.swift; path = DetailExam4.swift; sourceTree = "<group>"; };
		77FA024A1E811C300032E955 /* DetailExam4.xib */ = {isa = PBXFileReference; fileEncoding = 4; lastKnownFileType = file.xib; path = DetailExam4.xib; sourceTree = "<group>"; };
		77FA024E1E81241F0032E955 /* Exam6.swift */ = {isa = PBXFileReference; fileEncoding = 4; lastKnownFileType = sourcecode.swift; path = Exam6.swift; sourceTree = "<group>"; };
		77FA024F1E81241F0032E955 /* Exam6.xib */ = {isa = PBXFileReference; fileEncoding = 4; lastKnownFileType = file.xib; path = Exam6.xib; sourceTree = "<group>"; };
		77FA02521E8126C50032E955 /* poke3@2x.png */ = {isa = PBXFileReference; lastKnownFileType = image.png; path = "poke3@2x.png"; sourceTree = "<group>"; };
		77FA02531E8126C50032E955 /* poke2@2x.jpg */ = {isa = PBXFileReference; lastKnownFileType = image.jpeg; path = "poke2@2x.jpg"; sourceTree = "<group>"; };
		77FA02541E8126C50032E955 /* poke1@2x.png */ = {isa = PBXFileReference; lastKnownFileType = image.png; path = "poke1@2x.png"; sourceTree = "<group>"; };
		77FA02581E81271F0032E955 /* poke4@2x.png */ = {isa = PBXFileReference; lastKnownFileType = image.png; path = "poke4@2x.png"; sourceTree = "<group>"; };
		77FA02591E81271F0032E955 /* poke5@2x.png */ = {isa = PBXFileReference; lastKnownFileType = image.png; path = "poke5@2x.png"; sourceTree = "<group>"; };
		77FA025C1E8128460032E955 /* poke@2x.jpg */ = {isa = PBXFileReference; lastKnownFileType = image.jpeg; path = "poke@2x.jpg"; sourceTree = "<group>"; };
/* End PBXFileReference section */

/* Begin PBXFrameworksBuildPhase section */
		77356DC81E7F80FB0032E9DE /* Frameworks */ = {
			isa = PBXFrameworksBuildPhase;
			buildActionMask = 2147483647;
			files = (
				77C8E2CA1E826F6500C1DCB4 /* Alamofire.framework in Frameworks */,
			);
			runOnlyForDeploymentPostprocessing = 0;
		};
/* End PBXFrameworksBuildPhase section */

/* Begin PBXGroup section */
		77356DC21E7F80FB0032E9DE = {
			isa = PBXGroup;
			children = (
				77C8E2C91E826F6500C1DCB4 /* Alamofire.framework */,
				77356DCD1E7F80FC0032E9DE /* TrainingExe1 */,
				77356DCC1E7F80FC0032E9DE /* Products */,
				77F013DD1E7FC5A700D5C4A2 /* Frameworks */,
			);
			sourceTree = "<group>";
		};
		77356DCC1E7F80FC0032E9DE /* Products */ = {
			isa = PBXGroup;
			children = (
				77356DCB1E7F80FC0032E9DE /* TrainingExe1.app */,
			);
			name = Products;
			sourceTree = "<group>";
		};
		77356DCD1E7F80FC0032E9DE /* TrainingExe1 */ = {
			isa = PBXGroup;
			children = (
				773818B31E82362C00EBF5E2 /* Exam8 */,
				773818831E82125C00EBF5E2 /* Exam7 */,
				77FA024D1E8124100032E955 /* Exam6 */,
				77FA02481E811C100032E955 /* Exam5 */,
				77FA023B1E80FF910032E955 /* Exam4 */,
				77FA023A1E80FF800032E955 /* Exam3 */,
				77FA02391E80FF700032E955 /* Exam2 */,
				77FA02381E80FF660032E955 /* Exam1 */,
				77FA023C1E80FF9E0032E955 /* Root */,
				77FA02371E80FF570032E955 /* AppDelegate */,
				77FA023D1E80FFAE0032E955 /* Image */,
				77356DD51E7F80FC0032E9DE /* Assets.xcassets */,
				77356DDA1E7F80FC0032E9DE /* Info.plist */,
				77356DD71E7F80FC0032E9DE /* LaunchScreen.storyboard */,
				773818B01E8214B900EBF5E2 /* CoreData */,
			);
			path = TrainingExe1;
			sourceTree = "<group>";
		};
		773818831E82125C00EBF5E2 /* Exam7 */ = {
			isa = PBXGroup;
			children = (
				773818841E8212C800EBF5E2 /* Exam7.swift */,
				773818851E8212C800EBF5E2 /* Exam7.xib */,
				773818881E8212E100EBF5E2 /* AddAVResultViewController.swift */,
				773818891E8212E100EBF5E2 /* AddAVResultViewController.xib */,
			);
			name = Exam7;
			sourceTree = "<group>";
		};
		773818B01E8214B900EBF5E2 /* CoreData */ = {
			isa = PBXGroup;
			children = (
				7738188C1E82130A00EBF5E2 /* TrainingExe.xcdatamodeld */,
			);
			name = CoreData;
			sourceTree = "<group>";
		};
		773818B31E82362C00EBF5E2 /* Exam8 */ = {
			isa = PBXGroup;
			children = (
				773818B41E82364100EBF5E2 /* Exam8.swift */,
				773818B51E82364100EBF5E2 /* Exam8.xib */,
				773818B81E8238DE00EBF5E2 /* Songs.swift */,
				773818BA1E823C5A00EBF5E2 /* Exam8Cell.swift */,
				773818BB1E823C5A00EBF5E2 /* Exam8Cell.xib */,
				77C8E2BB1E8260E400C1DCB4 /* Exam8Service.swift */,
			);
			name = Exam8;
			sourceTree = "<group>";
		};
		77F013DD1E7FC5A700D5C4A2 /* Frameworks */ = {
			isa = PBXGroup;
			children = (
			);
			name = Frameworks;
			sourceTree = "<group>";
		};
		77FA02371E80FF570032E955 /* AppDelegate */ = {
			isa = PBXGroup;
			children = (
				77356DCE1E7F80FC0032E9DE /* AppDelegate.swift */,
			);
			name = AppDelegate;
			sourceTree = "<group>";
		};
		77FA02381E80FF660032E955 /* Exam1 */ = {
			isa = PBXGroup;
			children = (
				77356DEA1E7FA8410032E9DE /* Exam1.swift */,
				77356DEB1E7FA8410032E9DE /* Exam1.xib */,
			);
			name = Exam1;
			sourceTree = "<group>";
		};
		77FA02391E80FF700032E955 /* Exam2 */ = {
			isa = PBXGroup;
			children = (
				77356DE21E7FA5440032E9DE /* Exam2.swift */,
				77356DE31E7FA5440032E9DE /* Exam2.xib */,
			);
			name = Exam2;
			sourceTree = "<group>";
		};
		77FA023A1E80FF800032E955 /* Exam3 */ = {
			isa = PBXGroup;
			children = (
				77FA02111E80BAF90032E955 /* Exam3Containner.swift */,
				4CA10F721E80366800D74189 /* Exam3.swift */,
				4CA10F731E80366800D74189 /* Exam3.xib */,
				77FA02131E80BB140032E955 /* Exam3Tab2.swift */,
				77FA02141E80BB140032E955 /* Exam3Tab2.xib */,
				77FA02171E80D7D30032E955 /* Exam3Tab3.swift */,
				77FA02181E80D7D30032E955 /* Exam3Tab3.xib */,
				77FA021B1E80D9810032E955 /* Exam3Cell.swift */,
				77FA021C1E80D9810032E955 /* Exam3Cell.xib */,
				77FA021F1E80E4380032E955 /* Exam3Model.swift */,
			);
			name = Exam3;
			sourceTree = "<group>";
		};
		77FA023B1E80FF910032E955 /* Exam4 */ = {
			isa = PBXGroup;
			children = (
				4CA10F761E80372300D74189 /* Exam4.swift */,
				4CA10F771E80372300D74189 /* Exam4.xib */,
				77FA023E1E81006F0032E955 /* AVResultModel.swift */,
				77FA02401E8103550032E955 /* Exam4Cell.swift */,
				77FA02411E8103550032E955 /* Exam4Cell.xib */,
			);
			name = Exam4;
			sourceTree = "<group>";
		};
		77FA023C1E80FF9E0032E955 /* Root */ = {
			isa = PBXGroup;
			children = (
				77356DE61E7FA7A60032E9DE /* RootViewController.swift */,
				77356DE71E7FA7A60032E9DE /* RootViewController.xib */,
			);
			name = Root;
			sourceTree = "<group>";
		};
		77FA023D1E80FFAE0032E955 /* Image */ = {
			isa = PBXGroup;
			children = (
				77FA025C1E8128460032E955 /* poke@2x.jpg */,
				77FA02581E81271F0032E955 /* poke4@2x.png */,
				77FA02591E81271F0032E955 /* poke5@2x.png */,
				77FA02521E8126C50032E955 /* poke3@2x.png */,
				77FA02531E8126C50032E955 /* poke2@2x.jpg */,
				77FA02541E8126C50032E955 /* poke1@2x.png */,
				77FA02461E810D9B0032E955 /* video-icon@2x.png */,
				77FA02441E8104840032E955 /* right-arrow@2x.png */,
				77FA020D1E80B7280032E955 /* radio-not-selected@2x.png */,
				77FA020E1E80B7280032E955 /* radio-selected@2x.png */,
				77FA02091E80B6070032E955 /* back@2x.png */,
				77FA02231E80E6D50032E955 /* ca-hoi@2x.jpg */,
				77FA02241E80E6D50032E955 /* pizza@2x.jpg */,
				77FA02251E80E6D50032E955 /* hamberger@2x.jpeg */,
				77FA02261E80E6D50032E955 /* khoai-tay@2x.jpg */,
				77FA022B1E80E8BE0032E955 /* 0star@2x.png */,
				77FA022C1E80E8BE0032E955 /* 1star@2x.png */,
				77FA022D1E80E8BE0032E955 /* 2star@2x.png */,
				77FA022E1E80E8BE0032E955 /* 3star@2x.png */,
				77FA022F1E80E8BE0032E955 /* 4star@2x.png */,
				77FA02301E80E8BE0032E955 /* 5star@2x.png */,
			);
			name = Image;
			sourceTree = "<group>";
		};
		77FA02481E811C100032E955 /* Exam5 */ = {
			isa = PBXGroup;
			children = (
				77FA02491E811C300032E955 /* DetailExam4.swift */,
				77FA024A1E811C300032E955 /* DetailExam4.xib */,
			);
			name = Exam5;
			sourceTree = "<group>";
		};
		77FA024D1E8124100032E955 /* Exam6 */ = {
			isa = PBXGroup;
			children = (
				77FA024E1E81241F0032E955 /* Exam6.swift */,
				77FA024F1E81241F0032E955 /* Exam6.xib */,
				7738187F1E8204EB00EBF5E2 /* Exam6Cell.swift */,
				773818801E8204EB00EBF5E2 /* Exam6Cell.xib */,
			);
			name = Exam6;
			sourceTree = "<group>";
		};
/* End PBXGroup section */

/* Begin PBXNativeTarget section */
		77356DCA1E7F80FB0032E9DE /* TrainingExe1 */ = {
			isa = PBXNativeTarget;
			buildConfigurationList = 77356DDD1E7F80FC0032E9DE /* Build configuration list for PBXNativeTarget "TrainingExe1" */;
			buildPhases = (
				77356DC71E7F80FB0032E9DE /* Sources */,
				77356DC81E7F80FB0032E9DE /* Frameworks */,
				77356DC91E7F80FB0032E9DE /* Resources */,
				77C8E2C21E826D7E00C1DCB4 /* Embed Frameworks */,
			);
			buildRules = (
			);
			dependencies = (
			);
			name = TrainingExe1;
			productName = TrainingExe1;
			productReference = 77356DCB1E7F80FC0032E9DE /* TrainingExe1.app */;
			productType = "com.apple.product-type.application";
		};
/* End PBXNativeTarget section */

/* Begin PBXProject section */
		77356DC31E7F80FB0032E9DE /* Project object */ = {
			isa = PBXProject;
			attributes = {
				LastSwiftUpdateCheck = 0820;
				LastUpgradeCheck = 0820;
				ORGANIZATIONNAME = "Nguyen Minh Tien";
				TargetAttributes = {
					77356DCA1E7F80FB0032E9DE = {
						CreatedOnToolsVersion = 8.2.1;
						ProvisioningStyle = Automatic;
					};
				};
			};
			buildConfigurationList = 77356DC61E7F80FB0032E9DE /* Build configuration list for PBXProject "TrainingExe1" */;
			compatibilityVersion = "Xcode 3.2";
			developmentRegion = English;
			hasScannedForEncodings = 0;
			knownRegions = (
				en,
				Base,
			);
			mainGroup = 77356DC21E7F80FB0032E9DE;
			productRefGroup = 77356DCC1E7F80FC0032E9DE /* Products */;
			projectDirPath = "";
			projectRoot = "";
			targets = (
				77356DCA1E7F80FB0032E9DE /* TrainingExe1 */,
			);
		};
/* End PBXProject section */

/* Begin PBXResourcesBuildPhase section */
		77356DC91E7F80FB0032E9DE /* Resources */ = {
			isa = PBXResourcesBuildPhase;
			buildActionMask = 2147483647;
			files = (
				77FA025B1E81271F0032E955 /* poke5@2x.png in Resources */,
				77356DD91E7F80FC0032E9DE /* LaunchScreen.storyboard in Resources */,
				77FA02571E8126C50032E955 /* poke1@2x.png in Resources */,
				77FA02271E80E6D50032E955 /* ca-hoi@2x.jpg in Resources */,
				77FA020B1E80B6070032E955 /* back@2x.png in Resources */,
				77356DD61E7F80FC0032E9DE /* Assets.xcassets in Resources */,
				77FA02361E80E8BE0032E955 /* 5star@2x.png in Resources */,
				77FA02341E80E8BE0032E955 /* 3star@2x.png in Resources */,
				77FA021E1E80D9810032E955 /* Exam3Cell.xib in Resources */,
				77FA024C1E811C300032E955 /* DetailExam4.xib in Resources */,
				77FA02321E80E8BE0032E955 /* 1star@2x.png in Resources */,
				773818821E8204EB00EBF5E2 /* Exam6Cell.xib in Resources */,
				4CA10F751E80366800D74189 /* Exam3.xib in Resources */,
				77FA02551E8126C50032E955 /* poke3@2x.png in Resources */,
				77FA025A1E81271F0032E955 /* poke4@2x.png in Resources */,
				77FA02161E80BB140032E955 /* Exam3Tab2.xib in Resources */,
				77FA02511E81241F0032E955 /* Exam6.xib in Resources */,
				4CA10F791E80372300D74189 /* Exam4.xib in Resources */,
				77FA021A1E80D7D30032E955 /* Exam3Tab3.xib in Resources */,
				77FA02451E8104840032E955 /* right-arrow@2x.png in Resources */,
				77356DE91E7FA7A60032E9DE /* RootViewController.xib in Resources */,
				77FA02431E8103550032E955 /* Exam4Cell.xib in Resources */,
				77FA02101E80B7280032E955 /* radio-selected@2x.png in Resources */,
				7738188B1E8212E100EBF5E2 /* AddAVResultViewController.xib in Resources */,
				77FA02351E80E8BE0032E955 /* 4star@2x.png in Resources */,
				77FA025D1E8128460032E955 /* poke@2x.jpg in Resources */,
				77FA02281E80E6D50032E955 /* pizza@2x.jpg in Resources */,
				77FA02291E80E6D50032E955 /* hamberger@2x.jpeg in Resources */,
				77356DED1E7FA8410032E9DE /* Exam1.xib in Resources */,
				77356DE51E7FA5440032E9DE /* Exam2.xib in Resources */,
				77FA02561E8126C50032E955 /* poke2@2x.jpg in Resources */,
				77FA020F1E80B7280032E955 /* radio-not-selected@2x.png in Resources */,
				77FA02331E80E8BE0032E955 /* 2star@2x.png in Resources */,
				773818BD1E823C5A00EBF5E2 /* Exam8Cell.xib in Resources */,
				773818B71E82364100EBF5E2 /* Exam8.xib in Resources */,
				773818871E8212C800EBF5E2 /* Exam7.xib in Resources */,
				77FA022A1E80E6D50032E955 /* khoai-tay@2x.jpg in Resources */,
				77FA02311E80E8BE0032E955 /* 0star@2x.png in Resources */,
				77FA02471E810D9B0032E955 /* video-icon@2x.png in Resources */,
			);
			runOnlyForDeploymentPostprocessing = 0;
		};
/* End PBXResourcesBuildPhase section */

/* Begin PBXSourcesBuildPhase section */
		77356DC71E7F80FB0032E9DE /* Sources */ = {
			isa = PBXSourcesBuildPhase;
			buildActionMask = 2147483647;
			files = (
				77FA021D1E80D9810032E955 /* Exam3Cell.swift in Sources */,
				77FA023F1E81006F0032E955 /* AVResultModel.swift in Sources */,
				7738188A1E8212E100EBF5E2 /* AddAVResultViewController.swift in Sources */,
				77C8E2BC1E8260E400C1DCB4 /* Exam8Service.swift in Sources */,
				773818B91E8238DE00EBF5E2 /* Songs.swift in Sources */,
				4CA10F741E80366800D74189 /* Exam3.swift in Sources */,
				77FA02151E80BB140032E955 /* Exam3Tab2.swift in Sources */,
				77FA02421E8103550032E955 /* Exam4Cell.swift in Sources */,
				77FA02121E80BAF90032E955 /* Exam3Containner.swift in Sources */,
				77356DCF1E7F80FC0032E9DE /* AppDelegate.swift in Sources */,
				77356DE81E7FA7A60032E9DE /* RootViewController.swift in Sources */,
				773818B61E82364100EBF5E2 /* Exam8.swift in Sources */,
				77FA02501E81241F0032E955 /* Exam6.swift in Sources */,
				77356DEC1E7FA8410032E9DE /* Exam1.swift in Sources */,
				77FA02201E80E4380032E955 /* Exam3Model.swift in Sources */,
				773818811E8204EB00EBF5E2 /* Exam6Cell.swift in Sources */,
				77FA02191E80D7D30032E955 /* Exam3Tab3.swift in Sources */,
				7738188E1E82130A00EBF5E2 /* TrainingExe.xcdatamodeld in Sources */,
				77356DE41E7FA5440032E9DE /* Exam2.swift in Sources */,
				77FA024B1E811C300032E955 /* DetailExam4.swift in Sources */,
				773818BC1E823C5A00EBF5E2 /* Exam8Cell.swift in Sources */,
				4CA10F781E80372300D74189 /* Exam4.swift in Sources */,
				773818861E8212C800EBF5E2 /* Exam7.swift in Sources */,
			);
			runOnlyForDeploymentPostprocessing = 0;
		};
/* End PBXSourcesBuildPhase section */

/* Begin PBXVariantGroup section */
		77356DD71E7F80FC0032E9DE /* LaunchScreen.storyboard */ = {
			isa = PBXVariantGroup;
			children = (
				77356DD81E7F80FC0032E9DE /* Base */,
			);
			name = LaunchScreen.storyboard;
			sourceTree = "<group>";
		};
/* End PBXVariantGroup section */

/* Begin XCBuildConfiguration section */
		77356DDB1E7F80FC0032E9DE /* Debug */ = {
			isa = XCBuildConfiguration;
			buildSettings = {
				ALWAYS_SEARCH_USER_PATHS = NO;
				CLANG_ANALYZER_NONNULL = YES;
				CLANG_CXX_LANGUAGE_STANDARD = "gnu++0x";
				CLANG_CXX_LIBRARY = "libc++";
				CLANG_ENABLE_MODULES = YES;
				CLANG_ENABLE_OBJC_ARC = YES;
				CLANG_WARN_BOOL_CONVERSION = YES;
				CLANG_WARN_CONSTANT_CONVERSION = YES;
				CLANG_WARN_DIRECT_OBJC_ISA_USAGE = YES_ERROR;
				CLANG_WARN_DOCUMENTATION_COMMENTS = YES;
				CLANG_WARN_EMPTY_BODY = YES;
				CLANG_WARN_ENUM_CONVERSION = YES;
				CLANG_WARN_INFINITE_RECURSION = YES;
				CLANG_WARN_INT_CONVERSION = YES;
				CLANG_WARN_OBJC_ROOT_CLASS = YES_ERROR;
				CLANG_WARN_SUSPICIOUS_MOVE = YES;
				CLANG_WARN_UNREACHABLE_CODE = YES;
				CLANG_WARN__DUPLICATE_METHOD_MATCH = YES;
				"CODE_SIGN_IDENTITY[sdk=iphoneos*]" = "iPhone Developer";
				COPY_PHASE_STRIP = NO;
				DEBUG_INFORMATION_FORMAT = dwarf;
				ENABLE_STRICT_OBJC_MSGSEND = YES;
				ENABLE_TESTABILITY = YES;
				GCC_C_LANGUAGE_STANDARD = gnu99;
				GCC_DYNAMIC_NO_PIC = NO;
				GCC_NO_COMMON_BLOCKS = YES;
				GCC_OPTIMIZATION_LEVEL = 0;
				GCC_PREPROCESSOR_DEFINITIONS = (
					"DEBUG=1",
					"$(inherited)",
				);
				GCC_WARN_64_TO_32_BIT_CONVERSION = YES;
				GCC_WARN_ABOUT_RETURN_TYPE = YES_ERROR;
				GCC_WARN_UNDECLARED_SELECTOR = YES;
				GCC_WARN_UNINITIALIZED_AUTOS = YES_AGGRESSIVE;
				GCC_WARN_UNUSED_FUNCTION = YES;
				GCC_WARN_UNUSED_VARIABLE = YES;
				IPHONEOS_DEPLOYMENT_TARGET = 10.2;
				MTL_ENABLE_DEBUG_INFO = YES;
				ONLY_ACTIVE_ARCH = YES;
				SDKROOT = iphoneos;
				SWIFT_ACTIVE_COMPILATION_CONDITIONS = DEBUG;
				SWIFT_OPTIMIZATION_LEVEL = "-Onone";
				TARGETED_DEVICE_FAMILY = "1,2";
			};
			name = Debug;
		};
		77356DDC1E7F80FC0032E9DE /* Release */ = {
			isa = XCBuildConfiguration;
			buildSettings = {
				ALWAYS_SEARCH_USER_PATHS = NO;
				CLANG_ANALYZER_NONNULL = YES;
				CLANG_CXX_LANGUAGE_STANDARD = "gnu++0x";
				CLANG_CXX_LIBRARY = "libc++";
				CLANG_ENABLE_MODULES = YES;
				CLANG_ENABLE_OBJC_ARC = YES;
				CLANG_WARN_BOOL_CONVERSION = YES;
				CLANG_WARN_CONSTANT_CONVERSION = YES;
				CLANG_WARN_DIRECT_OBJC_ISA_USAGE = YES_ERROR;
				CLANG_WARN_DOCUMENTATION_COMMENTS = YES;
				CLANG_WARN_EMPTY_BODY = YES;
				CLANG_WARN_ENUM_CONVERSION = YES;
				CLANG_WARN_INFINITE_RECURSION = YES;
				CLANG_WARN_INT_CONVERSION = YES;
				CLANG_WARN_OBJC_ROOT_CLASS = YES_ERROR;
				CLANG_WARN_SUSPICIOUS_MOVE = YES;
				CLANG_WARN_UNREACHABLE_CODE = YES;
				CLANG_WARN__DUPLICATE_METHOD_MATCH = YES;
				"CODE_SIGN_IDENTITY[sdk=iphoneos*]" = "iPhone Developer";
				COPY_PHASE_STRIP = NO;
				DEBUG_INFORMATION_FORMAT = "dwarf-with-dsym";
				ENABLE_NS_ASSERTIONS = NO;
				ENABLE_STRICT_OBJC_MSGSEND = YES;
				GCC_C_LANGUAGE_STANDARD = gnu99;
				GCC_NO_COMMON_BLOCKS = YES;
				GCC_WARN_64_TO_32_BIT_CONVERSION = YES;
				GCC_WARN_ABOUT_RETURN_TYPE = YES_ERROR;
				GCC_WARN_UNDECLARED_SELECTOR = YES;
				GCC_WARN_UNINITIALIZED_AUTOS = YES_AGGRESSIVE;
				GCC_WARN_UNUSED_FUNCTION = YES;
				GCC_WARN_UNUSED_VARIABLE = YES;
				IPHONEOS_DEPLOYMENT_TARGET = 10.2;
				MTL_ENABLE_DEBUG_INFO = NO;
				SDKROOT = iphoneos;
				SWIFT_OPTIMIZATION_LEVEL = "-Owholemodule";
				TARGETED_DEVICE_FAMILY = "1,2";
				VALIDATE_PRODUCT = YES;
			};
			name = Release;
		};
		77356DDE1E7F80FC0032E9DE /* Debug */ = {
			isa = XCBuildConfiguration;
			buildSettings = {
				ASSETCATALOG_COMPILER_APPICON_NAME = AppIcon;
				FRAMEWORK_SEARCH_PATHS = (
					"$(inherited)",
					"$(PROJECT_DIR)/Carthage/Build/iOS",
					"$(PROJECT_DIR)/TrainingExe1",
				);
				INFOPLIST_FILE = TrainingExe1/Info.plist;
				LD_RUNPATH_SEARCH_PATHS = "$(inherited) @executable_path/Frameworks";
				PRODUCT_BUNDLE_IDENTIFIER = com.rikkeisoft.TrainingExe1;
				PRODUCT_NAME = "$(TARGET_NAME)";
				SWIFT_VERSION = 3.0;
			};
			name = Debug;
		};
		77356DDF1E7F80FC0032E9DE /* Release */ = {
			isa = XCBuildConfiguration;
			buildSettings = {
				ASSETCATALOG_COMPILER_APPICON_NAME = AppIcon;
				FRAMEWORK_SEARCH_PATHS = (
					"$(inherited)",
					"$(PROJECT_DIR)/Carthage/Build/iOS",
					"$(PROJECT_DIR)/TrainingExe1",
				);
				INFOPLIST_FILE = TrainingExe1/Info.plist;
				LD_RUNPATH_SEARCH_PATHS = "$(inherited) @executable_path/Frameworks";
				PRODUCT_BUNDLE_IDENTIFIER = com.rikkeisoft.TrainingExe1;
				PRODUCT_NAME = "$(TARGET_NAME)";
				SWIFT_VERSION = 3.0;
			};
			name = Release;
		};
/* End XCBuildConfiguration section */

/* Begin XCConfigurationList section */
		77356DC61E7F80FB0032E9DE /* Build configuration list for PBXProject "TrainingExe1" */ = {
			isa = XCConfigurationList;
			buildConfigurations = (
				77356DDB1E7F80FC0032E9DE /* Debug */,
				77356DDC1E7F80FC0032E9DE /* Release */,
			);
			defaultConfigurationIsVisible = 0;
			defaultConfigurationName = Release;
		};
		77356DDD1E7F80FC0032E9DE /* Build configuration list for PBXNativeTarget "TrainingExe1" */ = {
			isa = XCConfigurationList;
			buildConfigurations = (
				77356DDE1E7F80FC0032E9DE /* Debug */,
				77356DDF1E7F80FC0032E9DE /* Release */,
			);
			defaultConfigurationIsVisible = 0;
			defaultConfigurationName = Release;
		};
/* End XCConfigurationList section */

/* Begin XCVersionGroup section */
		7738188C1E82130A00EBF5E2 /* TrainingExe.xcdatamodeld */ = {
			isa = XCVersionGroup;
			children = (
				7738188D1E82130A00EBF5E2 /* TrainingExe.xcdatamodel */,
			);
			currentVersion = 7738188D1E82130A00EBF5E2 /* TrainingExe.xcdatamodel */;
			path = TrainingExe.xcdatamodeld;
			sourceTree = "<group>";
			versionGroupType = wrapper.xcdatamodel;
		};
/* End XCVersionGroup section */
	};
	rootObject = 77356DC31E7F80FB0032E9DE /* Project object */;
}
